# This file is automatically @generated by Poetry and should not be changed by hand.

[[package]]
name = "async-timeout"
version = "4.0.2"
description = "Timeout context manager for asyncio programs"
category = "main"
optional = false
python-versions = ">=3.6"
files = [
    {file = "async-timeout-4.0.2.tar.gz", hash = "sha256:2163e1640ddb52b7a8c80d0a67a08587e5d245cc9c553a74a847056bc2976b15"},
    {file = "async_timeout-4.0.2-py3-none-any.whl", hash = "sha256:8ca1e4fcf50d07413d66d1a5e416e42cfdf5851c981d679a09851a6853383b3c"},
]

[[package]]
name = "click"
version = "8.1.3"
description = "Composable command line interface toolkit"
category = "main"
optional = false
python-versions = ">=3.7"
files = [
    {file = "click-8.1.3-py3-none-any.whl", hash = "sha256:bb4d8133cb15a609f44e8213d9b391b0809795062913b383c62be0ee95b1db48"},
    {file = "click-8.1.3.tar.gz", hash = "sha256:7682dc8afb30297001674575ea00d1814d808d6a36af415a82bd481d37ba7b8e"},
]

[package.dependencies]
colorama = {version = "*", markers = "platform_system == \"Windows\""}

[[package]]
name = "colorama"
version = "0.4.6"
description = "Cross-platform colored terminal text."
category = "main"
optional = false
python-versions = "!=3.0.*,!=3.1.*,!=3.2.*,!=3.3.*,!=3.4.*,!=3.5.*,!=3.6.*,>=2.7"
files = [
    {file = "colorama-0.4.6-py2.py3-none-any.whl", hash = "sha256:4f1d9991f5acc0ca119f9d443620b77f9d6b33703e51011c16baf57afb285fc6"},
    {file = "colorama-0.4.6.tar.gz", hash = "sha256:08695f5cb7ed6e0531a20572697297273c47b8cae5a63ffc6d6ed5c201be6e44"},
]

[[package]]
name = "redis"
version = "4.5.5"
description = "Python client for Redis database and key-value store"
category = "main"
optional = false
python-versions = ">=3.7"
files = [
    {file = "redis-4.5.5-py3-none-any.whl", hash = "sha256:77929bc7f5dab9adf3acba2d3bb7d7658f1e0c2f1cafe7eb36434e751c471119"},
    {file = "redis-4.5.5.tar.gz", hash = "sha256:dc87a0bdef6c8bfe1ef1e1c40be7034390c2ae02d92dcd0c7ca1729443899880"},
]

[package.dependencies]
async-timeout = {version = ">=4.0.2", markers = "python_full_version <= \"3.11.2\""}

[package.extras]
hiredis = ["hiredis (>=1.0.0)"]
ocsp = ["cryptography (>=36.0.1)", "pyopenssl (==20.0.1)", "requests (>=2.26.0)"]

[[package]]
name = "rq"
version = "1.14.1"
description = "RQ is a simple, lightweight, library for creating background jobs, and processing them."
category = "main"
optional = false
python-versions = ">=3.6"
files = [
    {file = "rq-1.14.1-py2.py3-none-any.whl", hash = "sha256:37e003db1da205e08db6cc4653b7c6ccfd9292000954240308abfce2ebde43ba"},
    {file = "rq-1.14.1.tar.gz", hash = "sha256:5fb86038922ddd76eb2d9aa0adeec6dcf64f159dbbe730b26358b1417120dd44"},
]

[package.dependencies]
click = ">=5.0.0"
redis = ">=3.5.0"

[metadata]
lock-version = "2.0"
python-versions = "^3.11"
content-hash = "39a57dac70ff2f8b0b0e68d5fa499111daac7d29319f2e91fb34ba79079a378d"
